// !$*UTF8*$!
{
	archiveVersion = 1;
	classes = {
	};
	objectVersion = 56;
	objects = {

/* Begin PBXBuildFile section */
		40E750332C57807900CFD812 /* TestViewController.xib in Resources */ = {isa = PBXBuildFile; fileRef = 40E7502D2C57807900CFD812 /* TestViewController.xib */; };
		40E750342C57807900CFD812 /* LandscapeDelegate.swift in Sources */ = {isa = PBXBuildFile; fileRef = 40E7502E2C57807900CFD812 /* LandscapeDelegate.swift */; };
		40E750352C57807900CFD812 /* Assets.xcassets in Resources */ = {isa = PBXBuildFile; fileRef = 40E7502F2C57807900CFD812 /* Assets.xcassets */; };
		40E750362C57807900CFD812 /* TestViewController.swift in Sources */ = {isa = PBXBuildFile; fileRef = 40E750302C57807900CFD812 /* TestViewController.swift */; };
		5349213B8521F2C90C55AC71 /* Pods_TestLandscape.framework in Frameworks */ = {isa = PBXBuildFile; fileRef = 77F6949EE5D95161A0741D95 /* Pods_TestLandscape.framework */; };
		FCB83D4C2C500DA600105972 /* AppDelegate.swift in Sources */ = {isa = PBXBuildFile; fileRef = FCB83D4B2C500DA600105972 /* AppDelegate.swift */; };
		FCB83D502C500DA600105972 /* ViewController.swift in Sources */ = {isa = PBXBuildFile; fileRef = FCB83D4F2C500DA600105972 /* ViewController.swift */; };
		FCB83D532C500DA600105972 /* Base in Resources */ = {isa = PBXBuildFile; fileRef = FCB83D522C500DA600105972 /* Base */; };
		FCB83D582C500DA700105972 /* Base in Resources */ = {isa = PBXBuildFile; fileRef = FCB83D572C500DA700105972 /* Base */; };
/* End PBXBuildFile section */

/* Begin PBXFileReference section */
		40E7502D2C57807900CFD812 /* TestViewController.xib */ = {isa = PBXFileReference; fileEncoding = 4; lastKnownFileType = file.xib; path = TestViewController.xib; sourceTree = "<group>"; };
		40E7502E2C57807900CFD812 /* LandscapeDelegate.swift */ = {isa = PBXFileReference; fileEncoding = 4; lastKnownFileType = sourcecode.swift; path = LandscapeDelegate.swift; sourceTree = "<group>"; };
		40E7502F2C57807900CFD812 /* Assets.xcassets */ = {isa = PBXFileReference; lastKnownFileType = folder.assetcatalog; path = Assets.xcassets; sourceTree = "<group>"; };
		40E750302C57807900CFD812 /* TestViewController.swift */ = {isa = PBXFileReference; fileEncoding = 4; lastKnownFileType = sourcecode.swift; path = TestViewController.swift; sourceTree = "<group>"; };
		673F517B33AD099967373C0C /* Pods-TestLandscape.debug.xcconfig */ = {isa = PBXFileReference; includeInIndex = 1; lastKnownFileType = text.xcconfig; name = "Pods-TestLandscape.debug.xcconfig"; path = "Target Support Files/Pods-TestLandscape/Pods-TestLandscape.debug.xcconfig"; sourceTree = "<group>"; };
		77F6949EE5D95161A0741D95 /* Pods_TestLandscape.framework */ = {isa = PBXFileReference; explicitFileType = wrapper.framework; includeInIndex = 0; path = Pods_TestLandscape.framework; sourceTree = BUILT_PRODUCTS_DIR; };
		9AA626ACDF4D8FDDDADEBA97 /* Pods-TestLandscape.release.xcconfig */ = {isa = PBXFileReference; includeInIndex = 1; lastKnownFileType = text.xcconfig; name = "Pods-TestLandscape.release.xcconfig"; path = "Target Support Files/Pods-TestLandscape/Pods-TestLandscape.release.xcconfig"; sourceTree = "<group>"; };
		FCB83D482C500DA600105972 /* TestLandscape.app */ = {isa = PBXFileReference; explicitFileType = wrapper.application; includeInIndex = 0; path = TestLandscape.app; sourceTree = BUILT_PRODUCTS_DIR; };
		FCB83D4B2C500DA600105972 /* AppDelegate.swift */ = {isa = PBXFileReference; lastKnownFileType = sourcecode.swift; path = AppDelegate.swift; sourceTree = "<group>"; };
		FCB83D4F2C500DA600105972 /* ViewController.swift */ = {isa = PBXFileReference; lastKnownFileType = sourcecode.swift; path = ViewController.swift; sourceTree = "<group>"; };
		FCB83D522C500DA600105972 /* Base */ = {isa = PBXFileReference; lastKnownFileType = file.storyboard; name = Base; path = Base.lproj/Main.storyboard; sourceTree = "<group>"; };
		FCB83D572C500DA700105972 /* Base */ = {isa = PBXFileReference; lastKnownFileType = file.storyboard; name = Base; path = Base.lproj/LaunchScreen.storyboard; sourceTree = "<group>"; };
		FCB83D592C500DA700105972 /* Info.plist */ = {isa = PBXFileReference; lastKnownFileType = text.plist.xml; path = Info.plist; sourceTree = "<group>"; };
/* End PBXFileReference section */

/* Begin PBXFrameworksBuildPhase section */
		FCB83D452C500DA600105972 /* Frameworks */ = {
			isa = PBXFrameworksBuildPhase;
			buildActionMask = 2147483647;
			files = (
				5349213B8521F2C90C55AC71 /* Pods_TestLandscape.framework in Frameworks */,
			);
			runOnlyForDeploymentPostprocessing = 0;
		};
/* End PBXFrameworksBuildPhase section */

/* Begin PBXGroup section */
		640B2C8B7110668E0150C823 /* Pods */ = {
			isa = PBXGroup;
			children = (
				673F517B33AD099967373C0C /* Pods-TestLandscape.debug.xcconfig */,
				9AA626ACDF4D8FDDDADEBA97 /* Pods-TestLandscape.release.xcconfig */,
			);
			path = Pods;
			sourceTree = "<group>";
		};
		F361CE9788F35DB48CD18334 /* Frameworks */ = {
			isa = PBXGroup;
			children = (
				77F6949EE5D95161A0741D95 /* Pods_TestLandscape.framework */,
			);
			name = Frameworks;
			sourceTree = "<group>";
		};
		FCB83D3F2C500DA600105972 = {
			isa = PBXGroup;
			children = (
				FCB83D4A2C500DA600105972 /* TestLandscape */,
				FCB83D492C500DA600105972 /* Products */,
				640B2C8B7110668E0150C823 /* Pods */,
				F361CE9788F35DB48CD18334 /* Frameworks */,
			);
			sourceTree = "<group>";
		};
		FCB83D492C500DA600105972 /* Products */ = {
			isa = PBXGroup;
			children = (
				FCB83D482C500DA600105972 /* TestLandscape.app */,
			);
			name = Products;
			sourceTree = "<group>";
		};
		FCB83D4A2C500DA600105972 /* TestLandscape */ = {
			isa = PBXGroup;
			children = (
				40E7502F2C57807900CFD812 /* Assets.xcassets */,
				40E7502E2C57807900CFD812 /* LandscapeDelegate.swift */,
				40E750302C57807900CFD812 /* TestViewController.swift */,
				40E7502D2C57807900CFD812 /* TestViewController.xib */,
				FCB83D4B2C500DA600105972 /* AppDelegate.swift */,
				FCB83D4F2C500DA600105972 /* ViewController.swift */,
				FCB83D512C500DA600105972 /* Main.storyboard */,
				FCB83D562C500DA700105972 /* LaunchScreen.storyboard */,
				FCB83D592C500DA700105972 /* Info.plist */,
			);
			path = TestLandscape;
			sourceTree = "<group>";
		};
/* End PBXGroup section */

/* Begin PBXNativeTarget section */
		FCB83D472C500DA600105972 /* TestLandscape */ = {
			isa = PBXNativeTarget;
			buildConfigurationList = FCB83D5C2C500DA700105972 /* Build configuration list for PBXNativeTarget "TestLandscape" */;
			buildPhases = (
				E5C62A061F6B1175D1F3A325 /* [CP] Check Pods Manifest.lock */,
				FCB83D442C500DA600105972 /* Sources */,
				FCB83D452C500DA600105972 /* Frameworks */,
				FCB83D462C500DA600105972 /* Resources */,
			);
			buildRules = (
			);
			dependencies = (
			);
			name = TestLandscape;
			productName = TestLandscape;
			productReference = FCB83D482C500DA600105972 /* TestLandscape.app */;
			productType = "com.apple.product-type.application";
		};
/* End PBXNativeTarget section */

/* Begin PBXProject section */
		FCB83D402C500DA600105972 /* Project object */ = {
			isa = PBXProject;
			attributes = {
				BuildIndependentTargetsInParallel = 1;
				LastSwiftUpdateCheck = 1540;
				LastUpgradeCheck = 1540;
				TargetAttributes = {
					FCB83D472C500DA600105972 = {
						CreatedOnToolsVersion = 15.4;
					};
				};
			};
			buildConfigurationList = FCB83D432C500DA600105972 /* Build configuration list for PBXProject "TestLandscape" */;
			compatibilityVersion = "Xcode 14.0";
			developmentRegion = en;
			hasScannedForEncodings = 0;
			knownRegions = (
				en,
				Base,
			);
			mainGroup = FCB83D3F2C500DA600105972;
			productRefGroup = FCB83D492C500DA600105972 /* Products */;
			projectDirPath = "";
			projectRoot = "";
			targets = (
				FCB83D472C500DA600105972 /* TestLandscape */,
			);
		};
/* End PBXProject section */

/* Begin PBXResourcesBuildPhase section */
		FCB83D462C500DA600105972 /* Resources */ = {
			isa = PBXResourcesBuildPhase;
			buildActionMask = 2147483647;
			files = (
				FCB83D582C500DA700105972 /* Base in Resources */,
				40E750352C57807900CFD812 /* Assets.xcassets in Resources */,
				40E750332C57807900CFD812 /* TestViewController.xib in Resources */,
				FCB83D532C500DA600105972 /* Base in Resources */,
			);
			runOnlyForDeploymentPostprocessing = 0;
		};
/* End PBXResourcesBuildPhase section */

/* Begin PBXShellScriptBuildPhase section */
		E5C62A061F6B1175D1F3A325 /* [CP] Check Pods Manifest.lock */ = {
			isa = PBXShellScriptBuildPhase;
			buildActionMask = 2147483647;
			files = (
			);
			inputFileListPaths = (
			);
			inputPaths = (
				"${PODS_PODFILE_DIR_PATH}/Podfile.lock",
				"${PODS_ROOT}/Manifest.lock",
			);
			name = "[CP] Check Pods Manifest.lock";
			outputFileListPaths = (
			);
			outputPaths = (
				"$(DERIVED_FILE_DIR)/Pods-TestLandscape-checkManifestLockResult.txt",
			);
			runOnlyForDeploymentPostprocessing = 0;
			shellPath = /bin/sh;
			shellScript = "diff \"${PODS_PODFILE_DIR_PATH}/Podfile.lock\" \"${PODS_ROOT}/Manifest.lock\" > /dev/null\nif [ $? != 0 ] ; then\n    # print error to STDERR\n    echo \"error: The sandbox is not in sync with the Podfile.lock. Run 'pod install' or update your CocoaPods installation.\" >&2\n    exit 1\nfi\n# This output is used by Xcode 'outputs' to avoid re-running this script phase.\necho \"SUCCESS\" > \"${SCRIPT_OUTPUT_FILE_0}\"\n";
			showEnvVarsInLog = 0;
		};
/* End PBXShellScriptBuildPhase section */

/* Begin PBXSourcesBuildPhase section */
		FCB83D442C500DA600105972 /* Sources */ = {
			isa = PBXSourcesBuildPhase;
			buildActionMask = 2147483647;
			files = (
				FCB83D502C500DA600105972 /* ViewController.swift in Sources */,
				40E750342C57807900CFD812 /* LandscapeDelegate.swift in Sources */,
				40E750362C57807900CFD812 /* TestViewController.swift in Sources */,
				FCB83D4C2C500DA600105972 /* AppDelegate.swift in Sources */,
			);
			runOnlyForDeploymentPostprocessing = 0;
		};
/* End PBXSourcesBuildPhase section */

/* Begin PBXVariantGroup section */
		FCB83D512C500DA600105972 /* Main.storyboard */ = {
			isa = PBXVariantGroup;
			children = (
				FCB83D522C500DA600105972 /* Base */,
			);
			name = Main.storyboard;
			sourceTree = "<group>";
		};
		FCB83D562C500DA700105972 /* LaunchScreen.storyboard */ = {
			isa = PBXVariantGroup;
			children = (
				FCB83D572C500DA700105972 /* Base */,
			);
			name = LaunchScreen.storyboard;
			sourceTree = "<group>";
		};
/* End PBXVariantGroup section */

/* Begin XCBuildConfiguration section */
		FCB83D5A2C500DA700105972 /* Debug */ = {
			isa = XCBuildConfiguration;
			buildSettings = {
				ALWAYS_SEARCH_USER_PATHS = NO;
				ASSETCATALOG_COMPILER_GENERATE_SWIFT_ASSET_SYMBOL_EXTENSIONS = YES;
				CLANG_ANALYZER_NONNULL = YES;
				CLANG_ANALYZER_NUMBER_OBJECT_CONVERSION = YES_AGGRESSIVE;
				CLANG_CXX_LANGUAGE_STANDARD = "gnu++20";
				CLANG_ENABLE_MODULES = YES;
				CLANG_ENABLE_OBJC_ARC = YES;
				CLANG_ENABLE_OBJC_WEAK = YES;
				CLANG_WARN_BLOCK_CAPTURE_AUTORELEASING = YES;
				CLANG_WARN_BOOL_CONVERSION = YES;
				CLANG_WARN_COMMA = YES;
				CLANG_WARN_CONSTANT_CONVERSION = YES;
				CLANG_WARN_DEPRECATED_OBJC_IMPLEMENTATIONS = YES;
				CLANG_WARN_DIRECT_OBJC_ISA_USAGE = YES_ERROR;
				CLANG_WARN_DOCUMENTATION_COMMENTS = YES;
				CLANG_WARN_EMPTY_BODY = YES;
				CLANG_WARN_ENUM_CONVERSION = YES;
				CLANG_WARN_INFINITE_RECURSION = YES;
				CLANG_WARN_INT_CONVERSION = YES;
				CLANG_WARN_NON_LITERAL_NULL_CONVERSION = YES;
				CLANG_WARN_OBJC_IMPLICIT_RETAIN_SELF = YES;
				CLANG_WARN_OBJC_LITERAL_CONVERSION = YES;
				CLANG_WARN_OBJC_ROOT_CLASS = YES_ERROR;
				CLANG_WARN_QUOTED_INCLUDE_IN_FRAMEWORK_HEADER = YES;
				CLANG_WARN_RANGE_LOOP_ANALYSIS = YES;
				CLANG_WARN_STRICT_PROTOTYPES = YES;
				CLANG_WARN_SUSPICIOUS_MOVE = YES;
				CLANG_WARN_UNGUARDED_AVAILABILITY = YES_AGGRESSIVE;
				CLANG_WARN_UNREACHABLE_CODE = YES;
				CLANG_WARN__DUPLICATE_METHOD_MATCH = YES;
				COPY_PHASE_STRIP = NO;
				DEBUG_INFORMATION_FORMAT = dwarf;
				ENABLE_STRICT_OBJC_MSGSEND = YES;
				ENABLE_TESTABILITY = YES;
				ENABLE_USER_SCRIPT_SANDBOXING = YES;
				GCC_C_LANGUAGE_STANDARD = gnu17;
				GCC_DYNAMIC_NO_PIC = NO;
				GCC_NO_COMMON_BLOCKS = YES;
				GCC_OPTIMIZATION_LEVEL = 0;
				GCC_PREPROCESSOR_DEFINITIONS = (
					"DEBUG=1",
					"$(inherited)",
				);
				GCC_WARN_64_TO_32_BIT_CONVERSION = YES;
				GCC_WARN_ABOUT_RETURN_TYPE = YES_ERROR;
				GCC_WARN_UNDECLARED_SELECTOR = YES;
				GCC_WARN_UNINITIALIZED_AUTOS = YES_AGGRESSIVE;
				GCC_WARN_UNUSED_FUNCTION = YES;
				GCC_WARN_UNUSED_VARIABLE = YES;
				IPHONEOS_DEPLOYMENT_TARGET = 17.5;
				LOCALIZATION_PREFERS_STRING_CATALOGS = YES;
				MTL_ENABLE_DEBUG_INFO = INCLUDE_SOURCE;
				MTL_FAST_MATH = YES;
				ONLY_ACTIVE_ARCH = YES;
				SDKROOT = iphoneos;
				SWIFT_ACTIVE_COMPILATION_CONDITIONS = "DEBUG $(inherited)";
				SWIFT_OPTIMIZATION_LEVEL = "-Onone";
			};
			name = Debug;
		};
		FCB83D5B2C500DA700105972 /* Release */ = {
			isa = XCBuildConfiguration;
			buildSettings = {
				ALWAYS_SEARCH_USER_PATHS = NO;
				ASSETCATALOG_COMPILER_GENERATE_SWIFT_ASSET_SYMBOL_EXTENSIONS = YES;
				CLANG_ANALYZER_NONNULL = YES;
				CLANG_ANALYZER_NUMBER_OBJECT_CONVERSION = YES_AGGRESSIVE;
				CLANG_CXX_LANGUAGE_STANDARD = "gnu++20";
				CLANG_ENABLE_MODULES = YES;
				CLANG_ENABLE_OBJC_ARC = YES;
				CLANG_ENABLE_OBJC_WEAK = YES;
				CLANG_WARN_BLOCK_CAPTURE_AUTORELEASING = YES;
				CLANG_WARN_BOOL_CONVERSION = YES;
				CLANG_WARN_COMMA = YES;
				CLANG_WARN_CONSTANT_CONVERSION = YES;
				CLANG_WARN_DEPRECATED_OBJC_IMPLEMENTATIONS = YES;
				CLANG_WARN_DIRECT_OBJC_ISA_USAGE = YES_ERROR;
				CLANG_WARN_DOCUMENTATION_COMMENTS = YES;
				CLANG_WARN_EMPTY_BODY = YES;
				CLANG_WARN_ENUM_CONVERSION = YES;
				CLANG_WARN_INFINITE_RECURSION = YES;
				CLANG_WARN_INT_CONVERSION = YES;
				CLANG_WARN_NON_LITERAL_NULL_CONVERSION = YES;
				CLANG_WARN_OBJC_IMPLICIT_RETAIN_SELF = YES;
				CLANG_WARN_OBJC_LITERAL_CONVERSION = YES;
				CLANG_WARN_OBJC_ROOT_CLASS = YES_ERROR;
				CLANG_WARN_QUOTED_INCLUDE_IN_FRAMEWORK_HEADER = YES;
				CLANG_WARN_RANGE_LOOP_ANALYSIS = YES;
				CLANG_WARN_STRICT_PROTOTYPES = YES;
				CLANG_WARN_SUSPICIOUS_MOVE = YES;
				CLANG_WARN_UNGUARDED_AVAILABILITY = YES_AGGRESSIVE;
				CLANG_WARN_UNREACHABLE_CODE = YES;
				CLANG_WARN__DUPLICATE_METHOD_MATCH = YES;
				COPY_PHASE_STRIP = NO;
				DEBUG_INFORMATION_FORMAT = "dwarf-with-dsym";
				ENABLE_NS_ASSERTIONS = NO;
				ENABLE_STRICT_OBJC_MSGSEND = YES;
				ENABLE_USER_SCRIPT_SANDBOXING = YES;
				GCC_C_LANGUAGE_STANDARD = gnu17;
				GCC_NO_COMMON_BLOCKS = YES;
				GCC_WARN_64_TO_32_BIT_CONVERSION = YES;
				GCC_WARN_ABOUT_RETURN_TYPE = YES_ERROR;
				GCC_WARN_UNDECLARED_SELECTOR = YES;
				GCC_WARN_UNINITIALIZED_AUTOS = YES_AGGRESSIVE;
				GCC_WARN_UNUSED_FUNCTION = YES;
				GCC_WARN_UNUSED_VARIABLE = YES;
				IPHONEOS_DEPLOYMENT_TARGET = 17.5;
				LOCALIZATION_PREFERS_STRING_CATALOGS = YES;
				MTL_ENABLE_DEBUG_INFO = NO;
				MTL_FAST_MATH = YES;
				SDKROOT = iphoneos;
				SWIFT_COMPILATION_MODE = wholemodule;
				VALIDATE_PRODUCT = YES;
			};
			name = Release;
		};
		FCB83D5D2C500DA700105972 /* Debug */ = {
			isa = XCBuildConfiguration;
			baseConfigurationReference = 673F517B33AD099967373C0C /* Pods-TestLandscape.debug.xcconfig */;
			buildSettings = {
				ASSETCATALOG_COMPILER_APPICON_NAME = AppIcon;
				ASSETCATALOG_COMPILER_GLOBAL_ACCENT_COLOR_NAME = AccentColor;
				CODE_SIGN_STYLE = Automatic;
				CURRENT_PROJECT_VERSION = 1;
				DEVELOPMENT_TEAM = 9N584357TB;
				GENERATE_INFOPLIST_FILE = YES;
				INFOPLIST_FILE = TestLandscape/Info.plist;
				INFOPLIST_KEY_UIApplicationSupportsIndirectInputEvents = YES;
				INFOPLIST_KEY_UILaunchStoryboardName = LaunchScreen;
				INFOPLIST_KEY_UIMainStoryboardFile = Main;
				INFOPLIST_KEY_UISupportedInterfaceOrientations_iPad = "UIInterfaceOrientationPortrait UIInterfaceOrientationPortraitUpsideDown UIInterfaceOrientationLandscapeLeft UIInterfaceOrientationLandscapeRight";
				INFOPLIST_KEY_UISupportedInterfaceOrientations_iPhone = "UIInterfaceOrientationPortrait UIInterfaceOrientationLandscapeLeft UIInterfaceOrientationLandscapeRight";
				IPHONEOS_DEPLOYMENT_TARGET = 13;
				LD_RUNPATH_SEARCH_PATHS = (
					"$(inherited)",
					"@executable_path/Frameworks",
				);
				MARKETING_VERSION = 1.0;
				PRODUCT_BUNDLE_IDENTIFIER = nkh.TestLandscape;
				PRODUCT_NAME = "$(TARGET_NAME)";
				SWIFT_EMIT_LOC_STRINGS = YES;
				SWIFT_VERSION = 5.0;
				TARGETED_DEVICE_FAMILY = "1,2";
			};
			name = Debug;
		};
		FCB83D5E2C500DA700105972 /* Release */ = {
			isa = XCBuildConfiguration;
			baseConfigurationReference = 9AA626ACDF4D8FDDDADEBA97 /* Pods-TestLandscape.release.xcconfig */;
			buildSettings = {
				ASSETCATALOG_COMPILER_APPICON_NAME = AppIcon;
				ASSETCATALOG_COMPILER_GLOBAL_ACCENT_COLOR_NAME = AccentColor;
				CODE_SIGN_STYLE = Automatic;
				CURRENT_PROJECT_VERSION = 1;
				DEVELOPMENT_TEAM = 9N584357TB;
				GENERATE_INFOPLIST_FILE = YES;
				INFOPLIST_FILE = TestLandscape/Info.plist;
				INFOPLIST_KEY_UIApplicationSupportsIndirectInputEvents = YES;
				INFOPLIST_KEY_UILaunchStoryboardName = LaunchScreen;
				INFOPLIST_KEY_UIMainStoryboardFile = Main;
				INFOPLIST_KEY_UISupportedInterfaceOrientations_iPad = "UIInterfaceOrientationPortrait UIInterfaceOrientationPortraitUpsideDown UIInterfaceOrientationLandscapeLeft UIInterfaceOrientationLandscapeRight";
				INFOPLIST_KEY_UISupportedInterfaceOrientations_iPhone = "UIInterfaceOrientationPortrait UIInterfaceOrientationLandscapeLeft UIInterfaceOrientationLandscapeRight";
				IPHONEOS_DEPLOYMENT_TARGET = 13;
				LD_RUNPATH_SEARCH_PATHS = (
					"$(inherited)",
					"@executable_path/Frameworks",
				);
				MARKETING_VERSION = 1.0;
				PRODUCT_BUNDLE_IDENTIFIER = nkh.TestLandscape;
				PRODUCT_NAME = "$(TARGET_NAME)";
				SWIFT_EMIT_LOC_STRINGS = YES;
				SWIFT_VERSION = 5.0;
				TARGETED_DEVICE_FAMILY = "1,2";
			};
			name = Release;
		};
/* End XCBuildConfiguration section */

/* Begin XCConfigurationList section */
		FCB83D432C500DA600105972 /* Build configuration list for PBXProject "TestLandscape" */ = {
			isa = XCConfigurationList;
			buildConfigurations = (
				FCB83D5A2C500DA700105972 /* Debug */,
				FCB83D5B2C500DA700105972 /* Release */,
			);
			defaultConfigurationIsVisible = 0;
			defaultConfigurationName = Release;
		};
		FCB83D5C2C500DA700105972 /* Build configuration list for PBXNativeTarget "TestLandscape" */ = {
			isa = XCConfigurationList;
			buildConfigurations = (
				FCB83D5D2C500DA700105972 /* Debug */,
				FCB83D5E2C500DA700105972 /* Release */,
			);
			defaultConfigurationIsVisible = 0;
			defaultConfigurationName = Release;
		};
/* End XCConfigurationList section */
	};
	rootObject = FCB83D402C500DA600105972 /* Project object */;
}
